
Microsoft Visual Studio Solution File, Format Version 12.00
# Visual Studio Version 17
VisualStudioVersion = 17.6.33723.286
MinimumVisualStudioVersion = 10.0.40219.1
Project("{FAE04EC0-301F-11D3-BF4B-00C04F79EFBC}") = "Project_SecretCode_Game", "Project_SecretCode_Game\Project_SecretCode_Game.csproj", "{166A755E-E5B4-4058-BB28-CEA55EB503EC}"
EndProject
Global
	GlobalSection(SolutionConfigurationPlatforms) = preSolution
		Debug|Any CPU = Debug|Any CPU
		Release|Any CPU = Release|Any CPU
	EndGlobalSection
	GlobalSection(ProjectConfigurationPlatforms) = postSolution
		{166A755E-E5B4-4058-BB28-CEA55EB503EC}.Debug|Any CPU.ActiveCfg = Debug|Any CPU
		{166A755E-E5B4-4058-BB28-CEA55EB503EC}.Debug|Any CPU.Build.0 = Debug|Any CPU
		{166A755E-E5B4-4058-BB28-CEA55EB503EC}.Release|Any CPU.ActiveCfg = Release|Any CPU
		{166A755E-E5B4-4058-BB28-CEA55EB503EC}.Release|Any CPU.Build.0 = Release|Any CPU
	EndGlobalSection
	GlobalSection(SolutionProperties) = preSolution
		HideSolutionNode = FALSE
	EndGlobalSection
	GlobalSection(ExtensibilityGlobals) = postSolution
		SolutionGuid = {0A520B14-A363-41EA-B79E-A0CB4D6367B7}
	EndGlobalSection
EndGlobal
